
Microsoft Visual Studio Solution File, Format Version 12.00
# Visual Studio 2013
VisualStudioVersion = 12.0.30723.0
MinimumVisualStudioVersion = 10.0.40219.1
Project("{FAE04EC0-301F-11D3-BF4B-00C04F79EFBC}") = "EventStore.Chat.Console", "EventStore.Chat.Console\EventStore.Chat.Console.csproj", "{6AC2558B-C0F7-4B92-8CC7-A544CA11E570}"
EndProject
Project("{FAE04EC0-301F-11D3-BF4B-00C04F79EFBC}") = "Core", "Core\Core.csproj", "{1ABEE61B-D31D-4EF4-A90C-37AA421BEF0F}"
EndProject
Project("{FAE04EC0-301F-11D3-BF4B-00C04F79EFBC}") = "Web", "Web\Web.csproj", "{CD1DD069-7517-4912-92B2-4EF7424F4D20}"
EndProject
Global
	GlobalSection(SolutionConfigurationPlatforms) = preSolution
		Debug|Any CPU = Debug|Any CPU
		Release|Any CPU = Release|Any CPU
	EndGlobalSection
	GlobalSection(ProjectConfigurationPlatforms) = postSolution
		{6AC2558B-C0F7-4B92-8CC7-A544CA11E570}.Debug|Any CPU.ActiveCfg = Debug|Any CPU
		{6AC2558B-C0F7-4B92-8CC7-A544CA11E570}.Debug|Any CPU.Build.0 = Debug|Any CPU
		{6AC2558B-C0F7-4B92-8CC7-A544CA11E570}.Release|Any CPU.ActiveCfg = Release|Any CPU
		{6AC2558B-C0F7-4B92-8CC7-A544CA11E570}.Release|Any CPU.Build.0 = Release|Any CPU
		{1ABEE61B-D31D-4EF4-A90C-37AA421BEF0F}.Debug|Any CPU.ActiveCfg = Debug|Any CPU
		{1ABEE61B-D31D-4EF4-A90C-37AA421BEF0F}.Debug|Any CPU.Build.0 = Debug|Any CPU
		{1ABEE61B-D31D-4EF4-A90C-37AA421BEF0F}.Release|Any CPU.ActiveCfg = Release|Any CPU
		{1ABEE61B-D31D-4EF4-A90C-37AA421BEF0F}.Release|Any CPU.Build.0 = Release|Any CPU
		{CD1DD069-7517-4912-92B2-4EF7424F4D20}.Debug|Any CPU.ActiveCfg = Debug|Any CPU
		{CD1DD069-7517-4912-92B2-4EF7424F4D20}.Debug|Any CPU.Build.0 = Debug|Any CPU
		{CD1DD069-7517-4912-92B2-4EF7424F4D20}.Release|Any CPU.ActiveCfg = Release|Any CPU
		{CD1DD069-7517-4912-92B2-4EF7424F4D20}.Release|Any CPU.Build.0 = Release|Any CPU
	EndGlobalSection
	GlobalSection(SolutionProperties) = preSolution
		HideSolutionNode = FALSE
	EndGlobalSection
EndGlobal
